
Microsoft Visual Studio Solution File, Format Version 12.00
# Visual Studio Version 17
VisualStudioVersion = 17.3.32819.101
MinimumVisualStudioVersion = 10.0.40219.1
Project("{FAE04EC0-301F-11D3-BF4B-00C04F79EFBC}") = "rectangle", "rectangle.csproj", "{5A2AE09C-0B18-464F-91CD-3F98E32BBD26}"
EndProject
Global
	GlobalSection(SolutionConfigurationPlatforms) = preSolution
		Debug|Any CPU = Debug|Any CPU
		Release|Any CPU = Release|Any CPU
	EndGlobalSection
	GlobalSection(ProjectConfigurationPlatforms) = postSolution
		{5A2AE09C-0B18-464F-91CD-3F98E32BBD26}.Debug|Any CPU.ActiveCfg = Debug|Any CPU
		{5A2AE09C-0B18-464F-91CD-3F98E32BBD26}.Debug|Any CPU.Build.0 = Debug|Any CPU
		{5A2AE09C-0B18-464F-91CD-3F98E32BBD26}.Release|Any CPU.ActiveCfg = Release|Any CPU
		{5A2AE09C-0B18-464F-91CD-3F98E32BBD26}.Release|Any CPU.Build.0 = Release|Any CPU
	EndGlobalSection
	GlobalSection(SolutionProperties) = preSolution
		HideSolutionNode = FALSE
	EndGlobalSection
	GlobalSection(ExtensibilityGlobals) = postSolution
		SolutionGuid = {A959FABC-91B2-48B2-BBCE-082C1543128F}
	EndGlobalSection
EndGlobal
